# THIS IS AN AUTOGENERATED FILE. DO NOT EDIT THIS FILE DIRECTLY.
# yarn lockfile v1


"@types/node@*":
  "integrity" "sha512-dUxhiNzBLr6IqlZXz6e/rN2YQXlFgOei/Dxy+e3cyXTJ4txSUbGT2/fmnD6zd/75jDMeW5bDee+YXxlFKHoV0A=="
  "resolved" "https://registry.npmjs.org/@types/node/-/node-18.15.9.tgz"
  "version" "18.15.9"

"@types/webidl-conversions@*":
  "integrity" "sha512-xTE1E+YF4aWPJJeUzaZI5DRntlkY3+BCVJi0axFptnjGmAoWxkyREIh/XMrfxVLejwQxMCfDXdICo0VLxThrog=="
  "resolved" "https://registry.npmjs.org/@types/webidl-conversions/-/webidl-conversions-7.0.0.tgz"
  "version" "7.0.0"

"@types/whatwg-url@^8.2.1":
  "integrity" "sha512-FtQu10RWgn3D9U4aazdwIE2yzphmTJREDqNdODHrbrZmmMqI0vMheC/6NE/J1Yveaj8H+ela+YwWTjq5PGmuhA=="
  "resolved" "https://registry.npmjs.org/@types/whatwg-url/-/whatwg-url-8.2.2.tgz"
  "version" "8.2.2"
  dependencies:
    "@types/node" "*"
    "@types/webidl-conversions" "*"

"async@2.6.0":
  "integrity" "sha512-xAfGg1/NTLBBKlHFmnd7PlmUW9KhVQIUuSrYem9xzFUZy13ScvtyGGejaae9iAVRiRq9+Cx7DPFaAAhCpyxyPw=="
  "resolved" "https://registry.npmjs.org/async/-/async-2.6.0.tgz"
  "version" "2.6.0"
  dependencies:
    "lodash" "^4.14.0"

"balanced-match@^1.0.0":
  "integrity" "sha512-3oSeUO0TMV67hN1AmbXsK4yaqU7tjiHlbxRDZOpH0KW9+CeX4bRAaX0Anxt0tx2MrpRpWwQaPwIlISEJhYU5Pw=="
  "resolved" "https://registry.npmjs.org/balanced-match/-/balanced-match-1.0.2.tgz"
  "version" "1.0.2"

"bluebird@3.5.0":
  "integrity" "sha512-3LE8m8bqjGdoxfvf71yhFNrUcwy3NLy00SAo+b6MfJ8l+Bc2DzQ7mUHwX6pjK2AxfgV+YfsjCeVW3T5HLQTBsQ=="
  "resolved" "https://registry.npmjs.org/bluebird/-/bluebird-3.5.0.tgz"
  "version" "3.5.0"

"brace-expansion@^2.0.1":
  "integrity" "sha512-XnAIvQ8eM+kC6aULx6wuQiwVsnzsi9d3WxzV3FpWTGA19F621kwdbsAcFKXgKUHZWsy+mY6iL1sHTxWEFCytDA=="
  "resolved" "https://registry.npmjs.org/brace-expansion/-/brace-expansion-2.0.1.tgz"
  "version" "2.0.1"
  dependencies:
    "balanced-match" "^1.0.0"

"bson@^5.0.1":
  "integrity" "sha512-FEecNHkhYRBe7X9KDkdG12xNuz5VHGeH6mCE0B5sBmYtiR/Ux/9vUH/v4NUoBCDr6NuEhvahjoLiiRogptVW0A=="
  "resolved" "https://registry.npmjs.org/bson/-/bson-5.1.0.tgz"
  "version" "5.1.0"

"bson@~1.0.4":
  "integrity" "sha512-IQX9/h7WdMBIW/q/++tGd+emQr0XMdeZ6icnT/74Xk9fnabWn+gZgpE+9V+gujL3hhJOoNrnDVY7tWdzc7NUTg=="
  "resolved" "https://registry.npmjs.org/bson/-/bson-1.0.9.tgz"
  "version" "1.0.9"

"buffer-shims@~1.0.0":
  "integrity" "sha512-Zy8ZXMyxIT6RMTeY7OP/bDndfj6bwCan7SS98CEndS6deHwWPpseeHlwarNcBim+etXnF9HBc1non5JgDaJU1g=="
  "resolved" "https://registry.npmjs.org/buffer-shims/-/buffer-shims-1.0.0.tgz"
  "version" "1.0.0"

"core-util-is@~1.0.0":
  "integrity" "sha512-ZQBvi1DcpJ4GDqanjucZ2Hj3wEO5pZDS89BWbkcrvdxksJorwUDDZamX9ldFkp9aw2lmBDLgkObEA4DWNJ9FYQ=="
  "resolved" "https://registry.npmjs.org/core-util-is/-/core-util-is-1.0.3.tgz"
  "version" "1.0.3"

"debug@2.6.9":
  "integrity" "sha512-bC7ElrdJaJnPbAP+1EotYvqZsb3ecl5wi6Bfi6BJTUcNowp6cvspg0jXznRTKDjm/E7AdgFBVeAPVMNcKGsHMA=="
  "resolved" "https://registry.npmjs.org/debug/-/debug-2.6.9.tgz"
  "version" "2.6.9"
  dependencies:
    "ms" "2.0.0"

"es6-promise@3.2.1":
  "integrity" "sha512-oj4jOSXvWglTsc3wrw86iom3LDPOx1nbipQk+jaG3dy+sMRM6ReSgVr/VlmBuF6lXUrflN9DCcQHeSbAwGUl4g=="
  "resolved" "https://registry.npmjs.org/es6-promise/-/es6-promise-3.2.1.tgz"
  "version" "3.2.1"

"extend@^3.0.0":
  "integrity" "sha512-fjquC59cD7CyW6urNXK0FBufkZcoiGG80wTuPujX590cB5Ttln20E2UB4S/WARVqhXffZl2LNgS+gQdPIIim/g=="
  "resolved" "https://registry.npmjs.org/extend/-/extend-3.0.2.tgz"
  "version" "3.0.2"

"fs.realpath@^1.0.0":
  "integrity" "sha512-OO0pH2lK6a0hZnAdau5ItzHPI6pUlvI7jMVnxUQRtw4owF2wk8lOSabtGDCTP4Ggrg2MbGnWO9X8K1t4+fGMDw=="
  "resolved" "https://registry.npmjs.org/fs.realpath/-/fs.realpath-1.0.0.tgz"
  "version" "1.0.0"

"glob@^9.3.4":
  "integrity" "sha512-qaSc49hojMOv1EPM4EuyITjDSgSKI0rthoHnvE81tcOi1SCVndHko7auqxdQ14eiQG2NDBJBE86+2xIrbIvrbA=="
  "resolved" "https://registry.npmjs.org/glob/-/glob-9.3.4.tgz"
  "version" "9.3.4"
  dependencies:
    "fs.realpath" "^1.0.0"
    "minimatch" "^8.0.2"
    "minipass" "^4.2.4"
    "path-scurry" "^1.6.1"

"graceful-fs@^4.1.11":
  "integrity" "sha512-RbJ5/jmFcNNCcDV5o9eTnBLJ/HszWV0P73bc+Ff4nS/rJj+YaS6IGyiOL0VoBYX+l1Wrl3k63h/KrH+nhJ0XvQ=="
  "resolved" "https://registry.npmjs.org/graceful-fs/-/graceful-fs-4.2.11.tgz"
  "version" "4.2.11"

"hooks-fixed@2.0.2":
  "integrity" "sha512-YurCM4gQSetcrhwEtpQHhQ4M7Zo7poNGqY4kQGeBS6eZtOcT3tnNs01ThFa0jYBByAiYt1MjMjP/YApG0EnAvQ=="
  "resolved" "https://registry.npmjs.org/hooks-fixed/-/hooks-fixed-2.0.2.tgz"
  "version" "2.0.2"

"imurmurhash@^0.1.4":
  "integrity" "sha512-JmXMZ6wuvDmLiHEml9ykzqO6lwFbof0GG4IkcGaENdCRDDmMVnny7s5HsIgHCbaq0w2MyPhDqkhTUgS2LU2PHA=="
  "resolved" "https://registry.npmjs.org/imurmurhash/-/imurmurhash-0.1.4.tgz"
  "version" "0.1.4"

"inherits@~2.0.1":
  "integrity" "sha512-k/vGaX4/Yla3WzyMCvTQOXYeIHvqOKtnqBduzTHpzpQZzAskKMhZ2K+EnBiSM9zGSoIFeMpXKxa4dYeZIQqewQ=="
  "resolved" "https://registry.npmjs.org/inherits/-/inherits-2.0.4.tgz"
  "version" "2.0.4"

"ip@^2.0.0":
  "integrity" "sha512-WKa+XuLG1A1R0UWhl2+1XQSi+fZWMsYKffMZTTYsiZaUD8k2yDAj5atimTUD2TZkyCkNEeYE5NhFZmupOGtjYQ=="
  "resolved" "https://registry.npmjs.org/ip/-/ip-2.0.0.tgz"
  "version" "2.0.0"

"isarray@~1.0.0":
  "integrity" "sha512-VLghIWNM6ELQzo7zwmcg0NmTVyWKYjvIeM83yjp0wRDTmUnrM678fQbcKBo6n2CJEF0szoG//ytg+TKla89ALQ=="
  "resolved" "https://registry.npmjs.org/isarray/-/isarray-1.0.0.tgz"
  "version" "1.0.0"

"kareem@1.5.0":
  "integrity" "sha512-DFYc05y1WSs6Ar++MHYRYu7/5r5356WDaKk8tQ8m6rlXD3VLpyG6Np81U78/wWJ4b5hjFXS7HkJNYrs85VypQA=="
  "resolved" "https://registry.npmjs.org/kareem/-/kareem-1.5.0.tgz"
  "version" "1.5.0"

"lodash.get@4.4.2":
  "integrity" "sha512-z+Uw/vLuy6gQe8cfaFWD7p0wVv8fJl3mbzXh33RS+0oW2wvUqiRXiQ69gLWSLpgB5/6sU+r6BlQR0MBILadqTQ=="
  "resolved" "https://registry.npmjs.org/lodash.get/-/lodash.get-4.4.2.tgz"
  "version" "4.4.2"

"lodash@^4.14.0":
  "integrity" "sha512-v2kDEe57lecTulaDIuNTPy3Ry4gLGJ6Z1O3vE1krgXZNrsQ+LFTGHVxVjcXPs17LhbZVGedAJv8XZ1tvj5FvSg=="
  "resolved" "https://registry.npmjs.org/lodash/-/lodash-4.17.21.tgz"
  "version" "4.17.21"

"lru-cache@^7.14.1":
  "integrity" "sha512-jumlc0BIUrS3qJGgIkWZsyfAM7NCWiBcCDhnd+3NNM5KbBmLTgHVfWBcg6W+rLUsIpzpERPsvwUP7CckAQSOoA=="
  "resolved" "https://registry.npmjs.org/lru-cache/-/lru-cache-7.18.3.tgz"
  "version" "7.18.3"

"memory-pager@^1.0.2":
  "integrity" "sha512-ZS4Bp4r/Zoeq6+NLJpP+0Zzm0pR8whtGPf1XExKLJBAczGMnSi3It14OiNCStjQjM6NU1okjQGSxgEZN8eBYKg=="
  "resolved" "https://registry.npmjs.org/memory-pager/-/memory-pager-1.5.0.tgz"
  "version" "1.5.0"

"mime-db@1.52.0":
  "integrity" "sha512-sPU4uV7dYlvtWJxwwxHD0PuihVNiE7TyAbQ5SWxDCB9mUYvOgroQOwYQQOKPJ8CIbE+1ETVlOoK1UC2nU3gYvg=="
  "resolved" "https://registry.npmjs.org/mime-db/-/mime-db-1.52.0.tgz"
  "version" "1.52.0"

"mime-types@^2.1.35":
  "integrity" "sha512-ZDY+bPm5zTTF+YpCrAU9nK0UgICYPT0QtT1NZWFv4s++TNkcgVaT0g6+4R2uI4MjQjzysHB1zxuWL50hzaeXiw=="
  "resolved" "https://registry.npmjs.org/mime-types/-/mime-types-2.1.35.tgz"
  "version" "2.1.35"
  dependencies:
    "mime-db" "1.52.0"

"minimatch@^8.0.2":
  "integrity" "sha512-ikHGF67ODxj7vS5NKU2wvTsFLbExee+KXVCnBWh8Cg2hVJfBMQIrlo50qru/09E0EifjnU8dZhJ/iHhyXJM6Mw=="
  "resolved" "https://registry.npmjs.org/minimatch/-/minimatch-8.0.2.tgz"
  "version" "8.0.2"
  dependencies:
    "brace-expansion" "^2.0.1"

"minipass@^4.0.2", "minipass@^4.2.4":
  "integrity" "sha512-+yQl7SX3bIT83Lhb4BVorMAHVuqsskxRdlmO9kTpyukp8vsm2Sn/fUOV9xlnG8/a5JsypJzap21lz/y3FBMJ8Q=="
  "resolved" "https://registry.npmjs.org/minipass/-/minipass-4.2.5.tgz"
  "version" "4.2.5"

"mongodb-connection-string-url@^2.6.0":
  "integrity" "sha512-WvTZlI9ab0QYtTYnuMLgobULWhokRjtC7db9LtcVfJ+Hsnyr5eo6ZtNAt3Ly24XZScGMelOcGtm7lSn0332tPQ=="
  "resolved" "https://registry.npmjs.org/mongodb-connection-string-url/-/mongodb-connection-string-url-2.6.0.tgz"
  "version" "2.6.0"
  dependencies:
    "@types/whatwg-url" "^8.2.1"
    "whatwg-url" "^11.0.0"

"mongodb-core@2.1.18":
  "integrity" "sha512-i+PcaD5a5xF6gc2ujgvQDORV2iSRfoJ+IeBWUZrq37KRMJp+3G79/gPRXVkj/3CEGCPIDDYoTkaRgNpxJDrKBA=="
  "resolved" "https://registry.npmjs.org/mongodb-core/-/mongodb-core-2.1.18.tgz"
  "version" "2.1.18"
  dependencies:
    "bson" "~1.0.4"
    "require_optional" "~1.0.0"

"mongodb@^5.1.0":
  "integrity" "sha512-qgKb7y+EI90y4weY3z5+lIgm8wmexbonz0GalHkSElQXVKtRuwqXuhXKccyvIjXCJVy9qPV82zsinY0W1FBnJw=="
  "resolved" "https://registry.npmjs.org/mongodb/-/mongodb-5.1.0.tgz"
  "version" "5.1.0"
  dependencies:
    "bson" "^5.0.1"
    "mongodb-connection-string-url" "^2.6.0"
    "socks" "^2.7.1"
  optionalDependencies:
    "saslprep" "^1.0.3"

"mongodb@2.2.34":
  "integrity" "sha512-JNW3PxPSMaG5Qu1yWb/BwVmAd5/d6sdX0Fy8Av3pAF3KbwDRqormEGIJMoDjiV/JtOR2zRSPk4xHgZxwI/bAnQ=="
  "resolved" "https://registry.npmjs.org/mongodb/-/mongodb-2.2.34.tgz"
  "version" "2.2.34"
  dependencies:
    "es6-promise" "3.2.1"
    "mongodb-core" "2.1.18"
    "readable-stream" "2.2.7"

"mongoose-auto-increment@^5.0.1":
  "integrity" "sha512-fuSw0np0ZZXYjNBBrD6Wg0y70N0i5NhBuH3AIETTXCchaq45FeHpISoQ3fFbbdSFhfVEDRtg+hVxEDpFjdI2lw=="
  "resolved" "https://registry.npmjs.org/mongoose-auto-increment/-/mongoose-auto-increment-5.0.1.tgz"
  "version" "5.0.1"
  dependencies:
    "extend" "^3.0.0"

"mongoose@^4.1.12":
  "integrity" "sha512-0VZtQu1rSUPwUtbb7zh6CymI0nNkVInOIDbtWNlna070qnUO14On8PpSVSwlx3gwmkKL2OkP4ioCj5YHC6trMg=="
  "resolved" "https://registry.npmjs.org/mongoose/-/mongoose-4.13.21.tgz"
  "version" "4.13.21"
  dependencies:
    "async" "2.6.0"
    "bson" "~1.0.4"
    "hooks-fixed" "2.0.2"
    "kareem" "1.5.0"
    "lodash.get" "4.4.2"
    "mongodb" "2.2.34"
    "mpath" "0.5.1"
    "mpromise" "0.5.5"
    "mquery" "2.3.3"
    "ms" "2.0.0"
    "muri" "1.3.0"
    "regexp-clone" "0.0.1"
    "sliced" "1.0.1"

"mpath@0.5.1":
  "integrity" "sha512-H8OVQ+QEz82sch4wbODFOz+3YQ61FYz/z3eJ5pIdbMEaUzDqA268Wd+Vt4Paw9TJfvDgVKaayC0gBzMIw2jhsg=="
  "resolved" "https://registry.npmjs.org/mpath/-/mpath-0.5.1.tgz"
  "version" "0.5.1"

"mpromise@0.5.5":
  "integrity" "sha512-b/IJDqWlRXIW3ZouxIkUYLZFrr4qK/oUEgfVAywuvm77nTdDmY6y57lHxA8kfLnOSM+SbAUN/VvU1RxsGBLkQw=="
  "resolved" "https://registry.npmjs.org/mpromise/-/mpromise-0.5.5.tgz"
  "version" "0.5.5"

"mquery@2.3.3":
  "integrity" "sha512-NC8L14kn+qxJbbJ1gbcEMDxF0sC3sv+1cbRReXXwVvowcwY1y9KoVZFq0ebwARibsadu8lx8nWGvm3V0Pf0ZWQ=="
  "resolved" "https://registry.npmjs.org/mquery/-/mquery-2.3.3.tgz"
  "version" "2.3.3"
  dependencies:
    "bluebird" "3.5.0"
    "debug" "2.6.9"
    "regexp-clone" "0.0.1"
    "sliced" "0.0.5"

"ms@2.0.0":
  "integrity" "sha512-Tpp60P6IUJDTuOq/5Z8cdskzJujfwqfOTkrwIwj7IRISpnkJnT6SyJ4PCPnGMoFjC9ddhal5KVIYtAt97ix05A=="
  "resolved" "https://registry.npmjs.org/ms/-/ms-2.0.0.tgz"
  "version" "2.0.0"

"muri@1.3.0":
  "integrity" "sha512-FiaFwKl864onHFFUV/a2szAl7X0fxVlSKNdhTf+BM8i8goEgYut8u5P9MqQqIYwvaMxjzVESsoEm/2kfkFH1rg=="
  "resolved" "https://registry.npmjs.org/muri/-/muri-1.3.0.tgz"
  "version" "1.3.0"

"node-localstorage@^2.2.1":
  "integrity" "sha512-vv8fJuOUCCvSPjDjBLlMqYMHob4aGjkmrkaE42/mZr0VT+ZAU10jRF8oTnX9+pgU9/vYJ8P7YT3Vd6ajkmzSCw=="
  "resolved" "https://registry.npmjs.org/node-localstorage/-/node-localstorage-2.2.1.tgz"
  "version" "2.2.1"
  dependencies:
    "write-file-atomic" "^1.1.4"

"path-scurry@^1.6.1":
  "integrity" "sha512-RAmB+n30SlN+HnNx6EbcpoDy9nwdpcGPnEKrJnu6GZoDWBdIjo1UQMVtW2ybtC7LC2oKLcMq8y5g8WnKLiod9g=="
  "resolved" "https://registry.npmjs.org/path-scurry/-/path-scurry-1.6.3.tgz"
  "version" "1.6.3"
  dependencies:
    "lru-cache" "^7.14.1"
    "minipass" "^4.0.2"

"process-nextick-args@~1.0.6":
  "integrity" "sha512-yN0WQmuCX63LP/TMvAg31nvT6m4vDqJEiiv2CAZqWOGNWutc9DfDk1NPYYmKUFmaVM2UwDowH4u5AHWYP/jxKw=="
  "resolved" "https://registry.npmjs.org/process-nextick-args/-/process-nextick-args-1.0.7.tgz"
  "version" "1.0.7"

"punycode@^2.1.1":
  "integrity" "sha512-rRV+zQD8tVFys26lAGR9WUuS4iUAngJScM+ZRSKtvl5tKeZ2t5bvdNFdNHBW9FWR4guGHlgmsZ1G7BSm2wTbuA=="
  "resolved" "https://registry.npmjs.org/punycode/-/punycode-2.3.0.tgz"
  "version" "2.3.0"

"readable-stream@2.2.7":
  "integrity" "sha512-a6ibcfWFhgihuTw/chl+u3fB5ykBZFmnvpyZHebY0MCQE4vvYcsCLpCeaQ1BkH7HdJYavNSqF0WDLeo4IPHQaQ=="
  "resolved" "https://registry.npmjs.org/readable-stream/-/readable-stream-2.2.7.tgz"
  "version" "2.2.7"
  dependencies:
    "buffer-shims" "~1.0.0"
    "core-util-is" "~1.0.0"
    "inherits" "~2.0.1"
    "isarray" "~1.0.0"
    "process-nextick-args" "~1.0.6"
    "string_decoder" "~1.0.0"
    "util-deprecate" "~1.0.1"

"regexp-clone@0.0.1":
  "integrity" "sha512-tfYXF0HXEYh3AtgdjqNLQ8+tmZSAKIS7KtOjmB1laJgfbsi+Lf2RVNwLZVOE3U27yBXikzQuIXglLlakvb8Thw=="
  "resolved" "https://registry.npmjs.org/regexp-clone/-/regexp-clone-0.0.1.tgz"
  "version" "0.0.1"

"require_optional@~1.0.0":
  "integrity" "sha512-qhM/y57enGWHAe3v/NcwML6a3/vfESLe/sGM2dII+gEO0BpKRUkWZow/tyloNqJyN6kXSl3RyyM8Ll5D/sJP8g=="
  "resolved" "https://registry.npmjs.org/require_optional/-/require_optional-1.0.1.tgz"
  "version" "1.0.1"
  dependencies:
    "resolve-from" "^2.0.0"
    "semver" "^5.1.0"

"resolve-from@^2.0.0":
  "integrity" "sha512-qpFcKaXsq8+oRoLilkwyc7zHGF5i9Q2/25NIgLQQ/+VVv9rU4qvr6nXVAw1DsnXJyQkZsR4Ytfbtg5ehfcUssQ=="
  "resolved" "https://registry.npmjs.org/resolve-from/-/resolve-from-2.0.0.tgz"
  "version" "2.0.0"

"safe-buffer@~5.1.0":
  "integrity" "sha512-Gd2UZBJDkXlY7GbJxfsE8/nvKkUEU1G38c1siN6QP6a9PT9MmHB8GnpscSmMJSoF8LOIrt8ud/wPtojys4G6+g=="
  "resolved" "https://registry.npmjs.org/safe-buffer/-/safe-buffer-5.1.2.tgz"
  "version" "5.1.2"

"saslprep@^1.0.3":
  "integrity" "sha512-/MY/PEMbk2SuY5sScONwhUDsV2p77Znkb/q3nSVstq/yQzYJOH/Azh29p9oJLsl3LnQwSvZDKagDGBsBwSooag=="
  "resolved" "https://registry.npmjs.org/saslprep/-/saslprep-1.0.3.tgz"
  "version" "1.0.3"
  dependencies:
    "sparse-bitfield" "^3.0.3"

"semver@^5.1.0":
  "integrity" "sha512-sauaDf/PZdVgrLTNYHRtpXa1iRiKcaebiKQ1BJdpQlWH2lCvexQdX55snPFyK7QzpudqbCI0qXFfOasHdyNDGQ=="
  "resolved" "https://registry.npmjs.org/semver/-/semver-5.7.1.tgz"
  "version" "5.7.1"

"sliced@0.0.5":
  "integrity" "sha512-9bYT917D6H3+q8GlQBJmLVz3bc4OeVGfZ2BB12wvLnluTGfG6/8UdOUbKJDW1EEx9SZMDbjnatkau5/XcUeyOw=="
  "resolved" "https://registry.npmjs.org/sliced/-/sliced-0.0.5.tgz"
  "version" "0.0.5"

"sliced@1.0.1":
  "integrity" "sha512-VZBmZP8WU3sMOZm1bdgTadsQbcscK0UM8oKxKVBs4XAhUo2Xxzm/OFMGBkPusxw9xL3Uy8LrzEqGqJhclsr0yA=="
  "resolved" "https://registry.npmjs.org/sliced/-/sliced-1.0.1.tgz"
  "version" "1.0.1"

"slide@^1.1.5":
  "integrity" "sha512-NwrtjCg+lZoqhFU8fOwl4ay2ei8PaqCBOUV3/ektPY9trO1yQ1oXEfmHAhKArUVUr/hOHvy5f6AdP17dCM0zMw=="
  "resolved" "https://registry.npmjs.org/slide/-/slide-1.1.6.tgz"
  "version" "1.1.6"

"smart-buffer@^4.2.0":
  "integrity" "sha512-94hK0Hh8rPqQl2xXc3HsaBoOXKV20MToPkcXvwbISWLEs+64sBq5kFgn2kJDHb1Pry9yrP0dxrCI9RRci7RXKg=="
  "resolved" "https://registry.npmjs.org/smart-buffer/-/smart-buffer-4.2.0.tgz"
  "version" "4.2.0"

"socks@^2.7.1":
  "integrity" "sha512-7maUZy1N7uo6+WVEX6psASxtNlKaNVMlGQKkG/63nEDdLOWNbiUMoLK7X4uYoLhQstau72mLgfEWcXcwsaHbYQ=="
  "resolved" "https://registry.npmjs.org/socks/-/socks-2.7.1.tgz"
  "version" "2.7.1"
  dependencies:
    "ip" "^2.0.0"
    "smart-buffer" "^4.2.0"

"sparse-bitfield@^3.0.3":
  "integrity" "sha512-kvzhi7vqKTfkh0PZU+2D2PIllw2ymqJKujUcyPMd9Y75Nv4nPbGJZXNhxsgdQab2BmlDct1YnfQCguEvHr7VsQ=="
  "resolved" "https://registry.npmjs.org/sparse-bitfield/-/sparse-bitfield-3.0.3.tgz"
  "version" "3.0.3"
  dependencies:
    "memory-pager" "^1.0.2"

"string_decoder@~1.0.0":
  "integrity" "sha512-4AH6Z5fzNNBcH+6XDMfA/BTt87skxqJlO0lAh3Dker5zThcAxG6mKz+iGu308UKoPPQ8Dcqx/4JhujzltRa+hQ=="
  "resolved" "https://registry.npmjs.org/string_decoder/-/string_decoder-1.0.3.tgz"
  "version" "1.0.3"
  dependencies:
    "safe-buffer" "~5.1.0"

"tr46@^3.0.0":
  "integrity" "sha512-l7FvfAHlcmulp8kr+flpQZmVwtu7nfRV7NZujtN0OqES8EL4O4e0qqzL0DC5gAvx/ZC/9lk6rhcUwYvkBnBnYA=="
  "resolved" "https://registry.npmjs.org/tr46/-/tr46-3.0.0.tgz"
  "version" "3.0.0"
  dependencies:
    "punycode" "^2.1.1"

"util-deprecate@~1.0.1":
  "integrity" "sha512-EPD5q1uXyFxJpCrLnCc1nHnq3gOa6DZBocAIiI2TaSCA7VCJ1UJDMagCzIkXNsUYfD1daK//LTEQ8xiIbrHtcw=="
  "resolved" "https://registry.npmjs.org/util-deprecate/-/util-deprecate-1.0.2.tgz"
  "version" "1.0.2"

"webidl-conversions@^7.0.0":
  "integrity" "sha512-VwddBukDzu71offAQR975unBIGqfKZpM+8ZX6ySk8nYhVoo5CYaZyzt3YBvYtRtO+aoGlqxPg/B87NGVZ/fu6g=="
  "resolved" "https://registry.npmjs.org/webidl-conversions/-/webidl-conversions-7.0.0.tgz"
  "version" "7.0.0"

"whatwg-url@^11.0.0":
  "integrity" "sha512-RKT8HExMpoYx4igMiVMY83lN6UeITKJlBQ+vR/8ZJ8OCdSiN3RwCq+9gH0+Xzj0+5IrM6i4j/6LuvzbZIQgEcQ=="
  "resolved" "https://registry.npmjs.org/whatwg-url/-/whatwg-url-11.0.0.tgz"
  "version" "11.0.0"
  dependencies:
    "tr46" "^3.0.0"
    "webidl-conversions" "^7.0.0"

"write-file-atomic@^1.1.4":
  "integrity" "sha512-SdrHoC/yVBPpV0Xq/mUZQIpW2sWXAShb/V4pomcJXh92RuaO+f3UTWItiR3Px+pLnV2PvC2/bfn5cwr5X6Vfxw=="
  "resolved" "https://registry.npmjs.org/write-file-atomic/-/write-file-atomic-1.3.4.tgz"
  "version" "1.3.4"
  dependencies:
    "graceful-fs" "^4.1.11"
    "imurmurhash" "^0.1.4"
    "slide" "^1.1.5"
